PODS:
  - AudioKit (4.7):
    - AudioKit/Core (= 4.7)
    - AudioKit/UI (= 4.7)
  - AudioKit/Core (4.7)
  - AudioKit/UI (4.7):
    - AudioKit/Core

DEPENDENCIES:
  - AudioKit (~> 4.7)

SPEC REPOS:
  https://github.com/cocoapods/specs.git:
    - AudioKit

SPEC CHECKSUMS:
  AudioKit: 8b3c883fb6023d1b30764e40372991c9c66aa022

PODFILE CHECKSUM: 651ae5eb1754760b3cf32e209cad0108169a3d34

COCOAPODS: 1.5.3
